
Microsoft Visual Studio Solution File, Format Version 12.00
# Visual Studio 15
VisualStudioVersion = 15.0.28307.329
MinimumVisualStudioVersion = 10.0.40219.1
Project("{FAE04EC0-301F-11D3-BF4B-00C04F79EFBC}") = "Rehber", "Rehber\Rehber.csproj", "{182D1832-303B-4E08-9A51-48D57F71594C}"
EndProject
Global
	GlobalSection(SolutionConfigurationPlatforms) = preSolution
		Debug|Any CPU = Debug|Any CPU
		Release|Any CPU = Release|Any CPU
	EndGlobalSection
	GlobalSection(ProjectConfigurationPlatforms) = postSolution
		{182D1832-303B-4E08-9A51-48D57F71594C}.Debug|Any CPU.ActiveCfg = Debug|Any CPU
		{182D1832-303B-4E08-9A51-48D57F71594C}.Debug|Any CPU.Build.0 = Debug|Any CPU
		{182D1832-303B-4E08-9A51-48D57F71594C}.Release|Any CPU.ActiveCfg = Release|Any CPU
		{182D1832-303B-4E08-9A51-48D57F71594C}.Release|Any CPU.Build.0 = Release|Any CPU
	EndGlobalSection
	GlobalSection(SolutionProperties) = preSolution
		HideSolutionNode = FALSE
	EndGlobalSection
	GlobalSection(ExtensibilityGlobals) = postSolution
		SolutionGuid = {18D2A80D-64ED-4A7B-AB81-A7E93F181A89}
	EndGlobalSection
EndGlobal
